{
  "version": 4,
  "terraform_version": "1.13.1",
  "serial": 78,
  "lineage": "f97329db-f227-a014-87d9-0674c04ef74c",
  "outputs": {
    "api_urls": {
      "value": {
        "create_shipment": "http://localhost:4566/restapis/9wijwoggkc/dev/shipment",
        "list_shipments": "http://localhost:4566/restapis/9wijwoggkc/dev/shipment/list",
        "login": "http://localhost:4566/restapis/9wijwoggkc/dev/login",
        "update_shipment": "http://localhost:4566/restapis/9wijwoggkc/dev/shipment/{id}"
      },
      "type": [
        "object",
        {
          "create_shipment": "string",
          "list_shipments": "string",
          "login": "string",
          "update_shipment": "string"
        }
      ]
    }
  },
  "resources": [
    {
      "mode": "managed",
      "type": "aws_api_gateway_deployment",
      "name": "deployment",
      "provider": "provider[\"registry.terraform.io/hashicorp/aws\"]",
      "instances": [
        {
          "schema_version": 0,
          "attributes": {
            "canary_settings": [],
            "created_date": "2025-09-06T06:16:35Z",
            "description": "",
            "execution_arn": "arn:aws:execute-api:us-east-1::9wijwoggkc/",
            "id": "gsyni2w212",
            "invoke_url": "https://9wijwoggkc.execute-api.us-east-1.amazonaws.com/",
            "rest_api_id": "9wijwoggkc",
            "stage_description": null,
            "stage_name": null,
            "triggers": null,
            "variables": null
          },
          "sensitive_attributes": [],
          "identity_schema_version": 0,
          "private": "bnVsbA==",
          "dependencies": [
            "aws_api_gateway_integration.options",
            "aws_api_gateway_integration.post",
            "aws_api_gateway_method.post",
            "aws_api_gateway_resource.main",
            "aws_api_gateway_resource.shipment_id",
            "aws_api_gateway_resource.shipment_list",
            "aws_api_gateway_rest_api.api",
            "aws_iam_role.lambda_exec",
            "aws_lambda_function.fn"
          ]
        }
      ]
    },
    {
      "mode": "managed",
      "type": "aws_api_gateway_integration",
      "name": "options",
      "provider": "provider[\"registry.terraform.io/hashicorp/aws\"]",
      "instances": [
        {
          "index_key": "login",
          "schema_version": 0,
          "attributes": {
            "cache_key_parameters": [],
            "cache_namespace": "gr6cmpxqqt",
            "connection_id": "",
            "connection_type": "INTERNET",
            "content_handling": "",
            "credentials": "",
            "http_method": "OPTIONS",
            "id": "agi-9wijwoggkc-gr6cmpxqqt-OPTIONS",
            "integration_http_method": "",
            "passthrough_behavior": "WHEN_NO_MATCH",
            "request_parameters": {},
            "request_templates": {
              "application/json": "{\"statusCode\": 200}"
            },
            "resource_id": "gr6cmpxqqt",
            "rest_api_id": "9wijwoggkc",
            "timeout_milliseconds": 29000,
            "tls_config": [],
            "type": "MOCK",
            "uri": ""
          },
          "sensitive_attributes": [],
          "identity_schema_version": 0,
          "private": "bnVsbA==",
          "dependencies": [
            "aws_api_gateway_resource.main",
            "aws_api_gateway_resource.shipment_id",
            "aws_api_gateway_resource.shipment_list",
            "aws_api_gateway_rest_api.api"
          ]
        },
        {
          "index_key": "shipment_id",
          "schema_version": 0,
          "attributes": {
            "cache_key_parameters": [],
            "cache_namespace": "0cniz1zpra",
            "connection_id": "",
            "connection_type": "INTERNET",
            "content_handling": "",
            "credentials": "",
            "http_method": "OPTIONS",
            "id": "agi-9wijwoggkc-0cniz1zpra-OPTIONS",
            "integration_http_method": "",
            "passthrough_behavior": "WHEN_NO_MATCH",
            "request_parameters": {},
            "request_templates": {
              "application/json": "{\"statusCode\": 200}"
            },
            "resource_id": "0cniz1zpra",
            "rest_api_id": "9wijwoggkc",
            "timeout_milliseconds": 29000,
            "tls_config": [],
            "type": "MOCK",
            "uri": ""
          },
          "sensitive_attributes": [],
          "identity_schema_version": 0,
          "private": "bnVsbA==",
          "dependencies": [
            "aws_api_gateway_resource.main",
            "aws_api_gateway_resource.shipment_id",
            "aws_api_gateway_resource.shipment_list",
            "aws_api_gateway_rest_api.api"
          ]
        },
        {
          "index_key": "shipment_list",
          "schema_version": 0,
          "attributes": {
            "cache_key_parameters": [],
            "cache_namespace": "n7906m8qmx",
            "connection_id": "",
            "connection_type": "INTERNET",
            "content_handling": "",
            "credentials": "",
            "http_method": "OPTIONS",
            "id": "agi-9wijwoggkc-n7906m8qmx-OPTIONS",
            "integration_http_method": "",
            "passthrough_behavior": "WHEN_NO_MATCH",
            "request_parameters": {},
            "request_templates": {
              "application/json": "{\"statusCode\": 200}"
            },
            "resource_id": "n7906m8qmx",
            "rest_api_id": "9wijwoggkc",
            "timeout_milliseconds": 29000,
            "tls_config": [],
            "type": "MOCK",
            "uri": ""
          },
          "sensitive_attributes": [],
          "identity_schema_version": 0,
          "private": "bnVsbA==",
          "dependencies": [
            "aws_api_gateway_resource.main",
            "aws_api_gateway_resource.shipment_id",
            "aws_api_gateway_resource.shipment_list",
            "aws_api_gateway_rest_api.api"
          ]
        },
        {
          "index_key": "shipment_root",
          "schema_version": 0,
          "attributes": {
            "cache_key_parameters": [],
            "cache_namespace": "nvnykmejm7",
            "connection_id": "",
            "connection_type": "INTERNET",
            "content_handling": "",
            "credentials": "",
            "http_method": "OPTIONS",
            "id": "agi-9wijwoggkc-nvnykmejm7-OPTIONS",
            "integration_http_method": "",
            "passthrough_behavior": "WHEN_NO_MATCH",
            "request_parameters": {},
            "request_templates": {
              "application/json": "{\"statusCode\": 200}"
            },
            "resource_id": "nvnykmejm7",
            "rest_api_id": "9wijwoggkc",
            "timeout_milliseconds": 29000,
            "tls_config": [],
            "type": "MOCK",
            "uri": ""
          },
          "sensitive_attributes": [],
          "identity_schema_version": 0,
          "private": "bnVsbA==",
          "dependencies": [
            "aws_api_gateway_resource.main",
            "aws_api_gateway_resource.shipment_id",
            "aws_api_gateway_resource.shipment_list",
            "aws_api_gateway_rest_api.api"
          ]
        }
      ]
    },
    {
      "mode": "managed",
      "type": "aws_api_gateway_integration",
      "name": "post",
      "provider": "provider[\"registry.terraform.io/hashicorp/aws\"]",
      "instances": [
        {
          "index_key": "login",
          "schema_version": 0,
          "attributes": {
            "cache_key_parameters": null,
            "cache_namespace": "gr6cmpxqqt",
            "connection_id": "",
            "connection_type": "INTERNET",
            "content_handling": "",
            "credentials": "",
            "http_method": "POST",
            "id": "agi-9wijwoggkc-gr6cmpxqqt-POST",
            "integration_http_method": "POST",
            "passthrough_behavior": "WHEN_NO_MATCH",
            "request_parameters": null,
            "request_templates": {
              "application/json": "{ \"body\": $input.json('$') }"
            },
            "resource_id": "gr6cmpxqqt",
            "rest_api_id": "9wijwoggkc",
            "timeout_milliseconds": 29000,
            "tls_config": [],
            "type": "AWS",
            "uri": "arn:aws:apigateway:us-east-1:lambda:path/2015-03-31/functions/arn:aws:lambda:us-east-1:000000000000:function:capdevcr-shipments-login/invocations"
          },
          "sensitive_attributes": [],
          "identity_schema_version": 0,
          "private": "bnVsbA==",
          "dependencies": [
            "aws_api_gateway_method.post",
            "aws_api_gateway_resource.main",
            "aws_api_gateway_resource.shipment_id",
            "aws_api_gateway_resource.shipment_list",
            "aws_api_gateway_rest_api.api",
            "aws_iam_role.lambda_exec",
            "aws_lambda_function.fn"
          ]
        },
        {
          "index_key": "shipment_id",
          "schema_version": 0,
          "attributes": {
            "cache_key_parameters": null,
            "cache_namespace": "0cniz1zpra",
            "connection_id": "",
            "connection_type": "INTERNET",
            "content_handling": "",
            "credentials": "",
            "http_method": "POST",
            "id": "agi-9wijwoggkc-0cniz1zpra-POST",
            "integration_http_method": "POST",
            "passthrough_behavior": "WHEN_NO_MATCH",
            "request_parameters": null,
            "request_templates": {
              "application/json": "{ \"body\": $input.json('$') }"
            },
            "resource_id": "0cniz1zpra",
            "rest_api_id": "9wijwoggkc",
            "timeout_milliseconds": 29000,
            "tls_config": [],
            "type": "AWS",
            "uri": "arn:aws:apigateway:us-east-1:lambda:path/2015-03-31/functions/arn:aws:lambda:us-east-1:000000000000:function:capdevcr-shipments-update_shipment/invocations"
          },
          "sensitive_attributes": [],
          "identity_schema_version": 0,
          "private": "bnVsbA==",
          "dependencies": [
            "aws_api_gateway_method.post",
            "aws_api_gateway_resource.main",
            "aws_api_gateway_resource.shipment_id",
            "aws_api_gateway_resource.shipment_list",
            "aws_api_gateway_rest_api.api",
            "aws_iam_role.lambda_exec",
            "aws_lambda_function.fn"
          ]
        },
        {
          "index_key": "shipment_list",
          "schema_version": 0,
          "attributes": {
            "cache_key_parameters": null,
            "cache_namespace": "n7906m8qmx",
            "connection_id": "",
            "connection_type": "INTERNET",
            "content_handling": "",
            "credentials": "",
            "http_method": "POST",
            "id": "agi-9wijwoggkc-n7906m8qmx-POST",
            "integration_http_method": "POST",
            "passthrough_behavior": "WHEN_NO_MATCH",
            "request_parameters": null,
            "request_templates": {
              "application/json": "{ \"body\": $input.json('$') }"
            },
            "resource_id": "n7906m8qmx",
            "rest_api_id": "9wijwoggkc",
            "timeout_milliseconds": 29000,
            "tls_config": [],
            "type": "AWS",
            "uri": "arn:aws:apigateway:us-east-1:lambda:path/2015-03-31/functions/arn:aws:lambda:us-east-1:000000000000:function:capdevcr-shipments-list_shipments/invocations"
          },
          "sensitive_attributes": [],
          "identity_schema_version": 0,
          "private": "bnVsbA==",
          "dependencies": [
            "aws_api_gateway_method.post",
            "aws_api_gateway_resource.main",
            "aws_api_gateway_resource.shipment_id",
            "aws_api_gateway_resource.shipment_list",
            "aws_api_gateway_rest_api.api",
            "aws_iam_role.lambda_exec",
            "aws_lambda_function.fn"
          ]
        },
        {
          "index_key": "shipment_root",
          "schema_version": 0,
          "attributes": {
            "cache_key_parameters": null,
            "cache_namespace": "nvnykmejm7",
            "connection_id": "",
            "connection_type": "INTERNET",
            "content_handling": "",
            "credentials": "",
            "http_method": "POST",
            "id": "agi-9wijwoggkc-nvnykmejm7-POST",
            "integration_http_method": "POST",
            "passthrough_behavior": "WHEN_NO_MATCH",
            "request_parameters": null,
            "request_templates": {
              "application/json": "{ \"body\": $input.json('$') }"
            },
            "resource_id": "nvnykmejm7",
            "rest_api_id": "9wijwoggkc",
            "timeout_milliseconds": 29000,
            "tls_config": [],
            "type": "AWS",
            "uri": "arn:aws:apigateway:us-east-1:lambda:path/2015-03-31/functions/arn:aws:lambda:us-east-1:000000000000:function:capdevcr-shipments-create_shipment/invocations"
          },
          "sensitive_attributes": [],
          "identity_schema_version": 0,
          "private": "bnVsbA==",
          "dependencies": [
            "aws_api_gateway_method.post",
            "aws_api_gateway_resource.main",
            "aws_api_gateway_resource.shipment_id",
            "aws_api_gateway_resource.shipment_list",
            "aws_api_gateway_rest_api.api",
            "aws_iam_role.lambda_exec",
            "aws_lambda_function.fn"
          ]
        }
      ]
    },
    {
      "mode": "managed",
      "type": "aws_api_gateway_integration_response",
      "name": "options",
      "provider": "provider[\"registry.terraform.io/hashicorp/aws\"]",
      "instances": [
        {
          "index_key": "login",
          "schema_version": 0,
          "attributes": {
            "content_handling": "",
            "http_method": "OPTIONS",
            "id": "agir-9wijwoggkc-gr6cmpxqqt-OPTIONS-200",
            "resource_id": "gr6cmpxqqt",
            "response_parameters": {
              "method.response.header.Access-Control-Allow-Headers": "'Content-Type,X-Amz-Date,Authorization,X-Api-Key,X-Amz-Security-Token'",
              "method.response.header.Access-Control-Allow-Methods": "'POST,OPTIONS'",
              "method.response.header.Access-Control-Allow-Origin": "'*'"
            },
            "response_templates": {},
            "rest_api_id": "9wijwoggkc",
            "selection_pattern": "",
            "status_code": "200"
          },
          "sensitive_attributes": [],
          "identity_schema_version": 0,
          "private": "bnVsbA==",
          "dependencies": [
            "aws_api_gateway_integration.options",
            "aws_api_gateway_resource.main",
            "aws_api_gateway_resource.shipment_id",
            "aws_api_gateway_resource.shipment_list",
            "aws_api_gateway_rest_api.api"
          ]
        },
        {
          "index_key": "shipment_id",
          "schema_version": 0,
          "attributes": {
            "content_handling": "",
            "http_method": "OPTIONS",
            "id": "agir-9wijwoggkc-0cniz1zpra-OPTIONS-200",
            "resource_id": "0cniz1zpra",
            "response_parameters": {
              "method.response.header.Access-Control-Allow-Headers": "'Content-Type,X-Amz-Date,Authorization,X-Api-Key,X-Amz-Security-Token'",
              "method.response.header.Access-Control-Allow-Methods": "'POST,OPTIONS'",
              "method.response.header.Access-Control-Allow-Origin": "'*'"
            },
            "response_templates": {},
            "rest_api_id": "9wijwoggkc",
            "selection_pattern": "",
            "status_code": "200"
          },
          "sensitive_attributes": [],
          "identity_schema_version": 0,
          "private": "bnVsbA==",
          "dependencies": [
            "aws_api_gateway_integration.options",
            "aws_api_gateway_resource.main",
            "aws_api_gateway_resource.shipment_id",
            "aws_api_gateway_resource.shipment_list",
            "aws_api_gateway_rest_api.api"
          ]
        },
        {
          "index_key": "shipment_list",
          "schema_version": 0,
          "attributes": {
            "content_handling": "",
            "http_method": "OPTIONS",
            "id": "agir-9wijwoggkc-n7906m8qmx-OPTIONS-200",
            "resource_id": "n7906m8qmx",
            "response_parameters": {
              "method.response.header.Access-Control-Allow-Headers": "'Content-Type,X-Amz-Date,Authorization,X-Api-Key,X-Amz-Security-Token'",
              "method.response.header.Access-Control-Allow-Methods": "'POST,OPTIONS'",
              "method.response.header.Access-Control-Allow-Origin": "'*'"
            },
            "response_templates": {},
            "rest_api_id": "9wijwoggkc",
            "selection_pattern": "",
            "status_code": "200"
          },
          "sensitive_attributes": [],
          "identity_schema_version": 0,
          "private": "bnVsbA==",
          "dependencies": [
            "aws_api_gateway_integration.options",
            "aws_api_gateway_resource.main",
            "aws_api_gateway_resource.shipment_id",
            "aws_api_gateway_resource.shipment_list",
            "aws_api_gateway_rest_api.api"
          ]
        },
        {
          "index_key": "shipment_root",
          "schema_version": 0,
          "attributes": {
            "content_handling": "",
            "http_method": "OPTIONS",
            "id": "agir-9wijwoggkc-nvnykmejm7-OPTIONS-200",
            "resource_id": "nvnykmejm7",
            "response_parameters": {
              "method.response.header.Access-Control-Allow-Headers": "'Content-Type,X-Amz-Date,Authorization,X-Api-Key,X-Amz-Security-Token'",
              "method.response.header.Access-Control-Allow-Methods": "'POST,OPTIONS'",
              "method.response.header.Access-Control-Allow-Origin": "'*'"
            },
            "response_templates": {},
            "rest_api_id": "9wijwoggkc",
            "selection_pattern": "",
            "status_code": "200"
          },
          "sensitive_attributes": [],
          "identity_schema_version": 0,
          "private": "bnVsbA==",
          "dependencies": [
            "aws_api_gateway_integration.options",
            "aws_api_gateway_resource.main",
            "aws_api_gateway_resource.shipment_id",
            "aws_api_gateway_resource.shipment_list",
            "aws_api_gateway_rest_api.api"
          ]
        }
      ]
    },
    {
      "mode": "managed",
      "type": "aws_api_gateway_integration_response",
      "name": "post",
      "provider": "provider[\"registry.terraform.io/hashicorp/aws\"]",
      "instances": [
        {
          "index_key": "login",
          "schema_version": 0,
          "attributes": {
            "content_handling": "",
            "http_method": "POST",
            "id": "agir-9wijwoggkc-gr6cmpxqqt-POST-200",
            "resource_id": "gr6cmpxqqt",
            "response_parameters": {
              "method.response.header.Access-Control-Allow-Origin": "'*'"
            },
            "response_templates": {
              "application/json": "$input.body"
            },
            "rest_api_id": "9wijwoggkc",
            "selection_pattern": "",
            "status_code": "200"
          },
          "sensitive_attributes": [],
          "identity_schema_version": 0,
          "private": "bnVsbA==",
          "dependencies": [
            "aws_api_gateway_integration.post",
            "aws_api_gateway_method.post",
            "aws_api_gateway_resource.main",
            "aws_api_gateway_resource.shipment_id",
            "aws_api_gateway_resource.shipment_list",
            "aws_api_gateway_rest_api.api",
            "aws_iam_role.lambda_exec",
            "aws_lambda_function.fn"
          ]
        },
        {
          "index_key": "shipment_id",
          "schema_version": 0,
          "attributes": {
            "content_handling": "",
            "http_method": "POST",
            "id": "agir-9wijwoggkc-0cniz1zpra-POST-200",
            "resource_id": "0cniz1zpra",
            "response_parameters": {
              "method.response.header.Access-Control-Allow-Origin": "'*'"
            },
            "response_templates": {
              "application/json": "$input.body"
            },
            "rest_api_id": "9wijwoggkc",
            "selection_pattern": "",
            "status_code": "200"
          },
          "sensitive_attributes": [],
          "identity_schema_version": 0,
          "private": "bnVsbA==",
          "dependencies": [
            "aws_api_gateway_integration.post",
            "aws_api_gateway_method.post",
            "aws_api_gateway_resource.main",
            "aws_api_gateway_resource.shipment_id",
            "aws_api_gateway_resource.shipment_list",
            "aws_api_gateway_rest_api.api",
            "aws_iam_role.lambda_exec",
            "aws_lambda_function.fn"
          ]
        },
        {
          "index_key": "shipment_list",
          "schema_version": 0,
          "attributes": {
            "content_handling": "",
            "http_method": "POST",
            "id": "agir-9wijwoggkc-n7906m8qmx-POST-200",
            "resource_id": "n7906m8qmx",
            "response_parameters": {
              "method.response.header.Access-Control-Allow-Origin": "'*'"
            },
            "response_templates": {
              "application/json": "$input.body"
            },
            "rest_api_id": "9wijwoggkc",
            "selection_pattern": "",
            "status_code": "200"
          },
          "sensitive_attributes": [],
          "identity_schema_version": 0,
          "private": "bnVsbA==",
          "dependencies": [
            "aws_api_gateway_integration.post",
            "aws_api_gateway_method.post",
            "aws_api_gateway_resource.main",
            "aws_api_gateway_resource.shipment_id",
            "aws_api_gateway_resource.shipment_list",
            "aws_api_gateway_rest_api.api",
            "aws_iam_role.lambda_exec",
            "aws_lambda_function.fn"
          ]
        },
        {
          "index_key": "shipment_root",
          "schema_version": 0,
          "attributes": {
            "content_handling": "",
            "http_method": "POST",
            "id": "agir-9wijwoggkc-nvnykmejm7-POST-200",
            "resource_id": "nvnykmejm7",
            "response_parameters": {
              "method.response.header.Access-Control-Allow-Origin": "'*'"
            },
            "response_templates": {
              "application/json": "$input.body"
            },
            "rest_api_id": "9wijwoggkc",
            "selection_pattern": "",
            "status_code": "200"
          },
          "sensitive_attributes": [],
          "identity_schema_version": 0,
          "private": "bnVsbA==",
          "dependencies": [
            "aws_api_gateway_integration.post",
            "aws_api_gateway_method.post",
            "aws_api_gateway_resource.main",
            "aws_api_gateway_resource.shipment_id",
            "aws_api_gateway_resource.shipment_list",
            "aws_api_gateway_rest_api.api",
            "aws_iam_role.lambda_exec",
            "aws_lambda_function.fn"
          ]
        }
      ]
    },
    {
      "mode": "managed",
      "type": "aws_api_gateway_method",
      "name": "options",
      "provider": "provider[\"registry.terraform.io/hashicorp/aws\"]",
      "instances": [
        {
          "index_key": "login",
          "schema_version": 0,
          "attributes": {
            "api_key_required": false,
            "authorization": "NONE",
            "authorization_scopes": [],
            "authorizer_id": "",
            "http_method": "OPTIONS",
            "id": "agm-9wijwoggkc-gr6cmpxqqt-OPTIONS",
            "operation_name": "",
            "request_models": {},
            "request_parameters": {},
            "request_validator_id": "",
            "resource_id": "gr6cmpxqqt",
            "rest_api_id": "9wijwoggkc"
          },
          "sensitive_attributes": [],
          "identity_schema_version": 0,
          "private": "bnVsbA==",
          "dependencies": [
            "aws_api_gateway_resource.main",
            "aws_api_gateway_resource.shipment_id",
            "aws_api_gateway_resource.shipment_list",
            "aws_api_gateway_rest_api.api"
          ]
        },
        {
          "index_key": "shipment_id",
          "schema_version": 0,
          "attributes": {
            "api_key_required": false,
            "authorization": "NONE",
            "authorization_scopes": [],
            "authorizer_id": "",
            "http_method": "OPTIONS",
            "id": "agm-9wijwoggkc-0cniz1zpra-OPTIONS",
            "operation_name": "",
            "request_models": {},
            "request_parameters": {},
            "request_validator_id": "",
            "resource_id": "0cniz1zpra",
            "rest_api_id": "9wijwoggkc"
          },
          "sensitive_attributes": [],
          "identity_schema_version": 0,
          "private": "bnVsbA==",
          "dependencies": [
            "aws_api_gateway_resource.main",
            "aws_api_gateway_resource.shipment_id",
            "aws_api_gateway_resource.shipment_list",
            "aws_api_gateway_rest_api.api"
          ]
        },
        {
          "index_key": "shipment_list",
          "schema_version": 0,
          "attributes": {
            "api_key_required": false,
            "authorization": "NONE",
            "authorization_scopes": [],
            "authorizer_id": "",
            "http_method": "OPTIONS",
            "id": "agm-9wijwoggkc-n7906m8qmx-OPTIONS",
            "operation_name": "",
            "request_models": {},
            "request_parameters": {},
            "request_validator_id": "",
            "resource_id": "n7906m8qmx",
            "rest_api_id": "9wijwoggkc"
          },
          "sensitive_attributes": [],
          "identity_schema_version": 0,
          "private": "bnVsbA==",
          "dependencies": [
            "aws_api_gateway_resource.main",
            "aws_api_gateway_resource.shipment_id",
            "aws_api_gateway_resource.shipment_list",
            "aws_api_gateway_rest_api.api"
          ]
        },
        {
          "index_key": "shipment_root",
          "schema_version": 0,
          "attributes": {
            "api_key_required": false,
            "authorization": "NONE",
            "authorization_scopes": [],
            "authorizer_id": "",
            "http_method": "OPTIONS",
            "id": "agm-9wijwoggkc-nvnykmejm7-OPTIONS",
            "operation_name": "",
            "request_models": {},
            "request_parameters": {},
            "request_validator_id": "",
            "resource_id": "nvnykmejm7",
            "rest_api_id": "9wijwoggkc"
          },
          "sensitive_attributes": [],
          "identity_schema_version": 0,
          "private": "bnVsbA==",
          "dependencies": [
            "aws_api_gateway_resource.main",
            "aws_api_gateway_resource.shipment_id",
            "aws_api_gateway_resource.shipment_list",
            "aws_api_gateway_rest_api.api"
          ]
        }
      ]
    },
    {
      "mode": "managed",
      "type": "aws_api_gateway_method",
      "name": "post",
      "provider": "provider[\"registry.terraform.io/hashicorp/aws\"]",
      "instances": [
        {
          "index_key": "login",
          "schema_version": 0,
          "attributes": {
            "api_key_required": false,
            "authorization": "NONE",
            "authorization_scopes": [],
            "authorizer_id": "",
            "http_method": "POST",
            "id": "agm-9wijwoggkc-gr6cmpxqqt-POST",
            "operation_name": "",
            "request_models": {},
            "request_parameters": {},
            "request_validator_id": "",
            "resource_id": "gr6cmpxqqt",
            "rest_api_id": "9wijwoggkc"
          },
          "sensitive_attributes": [],
          "identity_schema_version": 0,
          "private": "bnVsbA==",
          "dependencies": [
            "aws_api_gateway_resource.main",
            "aws_api_gateway_resource.shipment_id",
            "aws_api_gateway_resource.shipment_list",
            "aws_api_gateway_rest_api.api"
          ]
        },
        {
          "index_key": "shipment_id",
          "schema_version": 0,
          "attributes": {
            "api_key_required": false,
            "authorization": "NONE",
            "authorization_scopes": [],
            "authorizer_id": "",
            "http_method": "POST",
            "id": "agm-9wijwoggkc-0cniz1zpra-POST",
            "operation_name": "",
            "request_models": {},
            "request_parameters": {},
            "request_validator_id": "",
            "resource_id": "0cniz1zpra",
            "rest_api_id": "9wijwoggkc"
          },
          "sensitive_attributes": [],
          "identity_schema_version": 0,
          "private": "bnVsbA==",
          "dependencies": [
            "aws_api_gateway_resource.main",
            "aws_api_gateway_resource.shipment_id",
            "aws_api_gateway_resource.shipment_list",
            "aws_api_gateway_rest_api.api"
          ]
        },
        {
          "index_key": "shipment_list",
          "schema_version": 0,
          "attributes": {
            "api_key_required": false,
            "authorization": "NONE",
            "authorization_scopes": [],
            "authorizer_id": "",
            "http_method": "POST",
            "id": "agm-9wijwoggkc-n7906m8qmx-POST",
            "operation_name": "",
            "request_models": {},
            "request_parameters": {},
            "request_validator_id": "",
            "resource_id": "n7906m8qmx",
            "rest_api_id": "9wijwoggkc"
          },
          "sensitive_attributes": [],
          "identity_schema_version": 0,
          "private": "bnVsbA==",
          "dependencies": [
            "aws_api_gateway_resource.main",
            "aws_api_gateway_resource.shipment_id",
            "aws_api_gateway_resource.shipment_list",
            "aws_api_gateway_rest_api.api"
          ]
        },
        {
          "index_key": "shipment_root",
          "schema_version": 0,
          "attributes": {
            "api_key_required": false,
            "authorization": "NONE",
            "authorization_scopes": [],
            "authorizer_id": "",
            "http_method": "POST",
            "id": "agm-9wijwoggkc-nvnykmejm7-POST",
            "operation_name": "",
            "request_models": {},
            "request_parameters": {},
            "request_validator_id": "",
            "resource_id": "nvnykmejm7",
            "rest_api_id": "9wijwoggkc"
          },
          "sensitive_attributes": [],
          "identity_schema_version": 0,
          "private": "bnVsbA==",
          "dependencies": [
            "aws_api_gateway_resource.main",
            "aws_api_gateway_resource.shipment_id",
            "aws_api_gateway_resource.shipment_list",
            "aws_api_gateway_rest_api.api"
          ]
        }
      ]
    },
    {
      "mode": "managed",
      "type": "aws_api_gateway_method_response",
      "name": "options",
      "provider": "provider[\"registry.terraform.io/hashicorp/aws\"]",
      "instances": [
        {
          "index_key": "login",
          "schema_version": 0,
          "attributes": {
            "http_method": "OPTIONS",
            "id": "agmr-9wijwoggkc-gr6cmpxqqt-OPTIONS-200",
            "resource_id": "gr6cmpxqqt",
            "response_models": {},
            "response_parameters": {
              "method.response.header.Access-Control-Allow-Headers": true,
              "method.response.header.Access-Control-Allow-Methods": true,
              "method.response.header.Access-Control-Allow-Origin": true
            },
            "rest_api_id": "9wijwoggkc",
            "status_code": "200"
          },
          "sensitive_attributes": [],
          "identity_schema_version": 0,
          "private": "bnVsbA==",
          "dependencies": [
            "aws_api_gateway_resource.main",
            "aws_api_gateway_resource.shipment_id",
            "aws_api_gateway_resource.shipment_list",
            "aws_api_gateway_rest_api.api"
          ]
        },
        {
          "index_key": "shipment_id",
          "schema_version": 0,
          "attributes": {
            "http_method": "OPTIONS",
            "id": "agmr-9wijwoggkc-0cniz1zpra-OPTIONS-200",
            "resource_id": "0cniz1zpra",
            "response_models": {},
            "response_parameters": {
              "method.response.header.Access-Control-Allow-Headers": true,
              "method.response.header.Access-Control-Allow-Methods": true,
              "method.response.header.Access-Control-Allow-Origin": true
            },
            "rest_api_id": "9wijwoggkc",
            "status_code": "200"
          },
          "sensitive_attributes": [],
          "identity_schema_version": 0,
          "private": "bnVsbA==",
          "dependencies": [
            "aws_api_gateway_resource.main",
            "aws_api_gateway_resource.shipment_id",
            "aws_api_gateway_resource.shipment_list",
            "aws_api_gateway_rest_api.api"
          ]
        },
        {
          "index_key": "shipment_list",
          "schema_version": 0,
          "attributes": {
            "http_method": "OPTIONS",
            "id": "agmr-9wijwoggkc-n7906m8qmx-OPTIONS-200",
            "resource_id": "n7906m8qmx",
            "response_models": {},
            "response_parameters": {
              "method.response.header.Access-Control-Allow-Headers": true,
              "method.response.header.Access-Control-Allow-Methods": true,
              "method.response.header.Access-Control-Allow-Origin": true
            },
            "rest_api_id": "9wijwoggkc",
            "status_code": "200"
          },
          "sensitive_attributes": [],
          "identity_schema_version": 0,
          "private": "bnVsbA==",
          "dependencies": [
            "aws_api_gateway_resource.main",
            "aws_api_gateway_resource.shipment_id",
            "aws_api_gateway_resource.shipment_list",
            "aws_api_gateway_rest_api.api"
          ]
        },
        {
          "index_key": "shipment_root",
          "schema_version": 0,
          "attributes": {
            "http_method": "OPTIONS",
            "id": "agmr-9wijwoggkc-nvnykmejm7-OPTIONS-200",
            "resource_id": "nvnykmejm7",
            "response_models": {},
            "response_parameters": {
              "method.response.header.Access-Control-Allow-Headers": true,
              "method.response.header.Access-Control-Allow-Methods": true,
              "method.response.header.Access-Control-Allow-Origin": true
            },
            "rest_api_id": "9wijwoggkc",
            "status_code": "200"
          },
          "sensitive_attributes": [],
          "identity_schema_version": 0,
          "private": "bnVsbA==",
          "dependencies": [
            "aws_api_gateway_resource.main",
            "aws_api_gateway_resource.shipment_id",
            "aws_api_gateway_resource.shipment_list",
            "aws_api_gateway_rest_api.api"
          ]
        }
      ]
    },
    {
      "mode": "managed",
      "type": "aws_api_gateway_method_response",
      "name": "post",
      "provider": "provider[\"registry.terraform.io/hashicorp/aws\"]",
      "instances": [
        {
          "index_key": "login",
          "schema_version": 0,
          "attributes": {
            "http_method": "POST",
            "id": "agmr-9wijwoggkc-gr6cmpxqqt-POST-200",
            "resource_id": "gr6cmpxqqt",
            "response_models": {},
            "response_parameters": {
              "method.response.header.Access-Control-Allow-Origin": true
            },
            "rest_api_id": "9wijwoggkc",
            "status_code": "200"
          },
          "sensitive_attributes": [],
          "identity_schema_version": 0,
          "private": "bnVsbA==",
          "dependencies": [
            "aws_api_gateway_resource.main",
            "aws_api_gateway_resource.shipment_id",
            "aws_api_gateway_resource.shipment_list",
            "aws_api_gateway_rest_api.api"
          ]
        },
        {
          "index_key": "shipment_id",
          "schema_version": 0,
          "attributes": {
            "http_method": "POST",
            "id": "agmr-9wijwoggkc-0cniz1zpra-POST-200",
            "resource_id": "0cniz1zpra",
            "response_models": {},
            "response_parameters": {
              "method.response.header.Access-Control-Allow-Origin": true
            },
            "rest_api_id": "9wijwoggkc",
            "status_code": "200"
          },
          "sensitive_attributes": [],
          "identity_schema_version": 0,
          "private": "bnVsbA==",
          "dependencies": [
            "aws_api_gateway_resource.main",
            "aws_api_gateway_resource.shipment_id",
            "aws_api_gateway_resource.shipment_list",
            "aws_api_gateway_rest_api.api"
          ]
        },
        {
          "index_key": "shipment_list",
          "schema_version": 0,
          "attributes": {
            "http_method": "POST",
            "id": "agmr-9wijwoggkc-n7906m8qmx-POST-200",
            "resource_id": "n7906m8qmx",
            "response_models": {},
            "response_parameters": {
              "method.response.header.Access-Control-Allow-Origin": true
            },
            "rest_api_id": "9wijwoggkc",
            "status_code": "200"
          },
          "sensitive_attributes": [],
          "identity_schema_version": 0,
          "private": "bnVsbA==",
          "dependencies": [
            "aws_api_gateway_resource.main",
            "aws_api_gateway_resource.shipment_id",
            "aws_api_gateway_resource.shipment_list",
            "aws_api_gateway_rest_api.api"
          ]
        },
        {
          "index_key": "shipment_root",
          "schema_version": 0,
          "attributes": {
            "http_method": "POST",
            "id": "agmr-9wijwoggkc-nvnykmejm7-POST-200",
            "resource_id": "nvnykmejm7",
            "response_models": {},
            "response_parameters": {
              "method.response.header.Access-Control-Allow-Origin": true
            },
            "rest_api_id": "9wijwoggkc",
            "status_code": "200"
          },
          "sensitive_attributes": [],
          "identity_schema_version": 0,
          "private": "bnVsbA==",
          "dependencies": [
            "aws_api_gateway_resource.main",
            "aws_api_gateway_resource.shipment_id",
            "aws_api_gateway_resource.shipment_list",
            "aws_api_gateway_rest_api.api"
          ]
        }
      ]
    },
    {
      "mode": "managed",
      "type": "aws_api_gateway_resource",
      "name": "main",
      "provider": "provider[\"registry.terraform.io/hashicorp/aws\"]",
      "instances": [
        {
          "index_key": "login",
          "schema_version": 0,
          "attributes": {
            "id": "gr6cmpxqqt",
            "parent_id": "ho3okr3uhj",
            "path": "/login",
            "path_part": "login",
            "rest_api_id": "9wijwoggkc"
          },
          "sensitive_attributes": [],
          "identity_schema_version": 0,
          "private": "bnVsbA==",
          "dependencies": [
            "aws_api_gateway_rest_api.api"
          ]
        },
        {
          "index_key": "shipment_root",
          "schema_version": 0,
          "attributes": {
            "id": "nvnykmejm7",
            "parent_id": "ho3okr3uhj",
            "path": "/shipment",
            "path_part": "shipment",
            "rest_api_id": "9wijwoggkc"
          },
          "sensitive_attributes": [],
          "identity_schema_version": 0,
          "private": "bnVsbA==",
          "dependencies": [
            "aws_api_gateway_rest_api.api"
          ]
        }
      ]
    },
    {
      "mode": "managed",
      "type": "aws_api_gateway_resource",
      "name": "shipment_id",
      "provider": "provider[\"registry.terraform.io/hashicorp/aws\"]",
      "instances": [
        {
          "schema_version": 0,
          "attributes": {
            "id": "0cniz1zpra",
            "parent_id": "nvnykmejm7",
            "path": "/shipment/{id}",
            "path_part": "{id}",
            "rest_api_id": "9wijwoggkc"
          },
          "sensitive_attributes": [],
          "identity_schema_version": 0,
          "private": "bnVsbA==",
          "dependencies": [
            "aws_api_gateway_resource.main",
            "aws_api_gateway_rest_api.api"
          ]
        }
      ]
    },
    {
      "mode": "managed",
      "type": "aws_api_gateway_resource",
      "name": "shipment_list",
      "provider": "provider[\"registry.terraform.io/hashicorp/aws\"]",
      "instances": [
        {
          "schema_version": 0,
          "attributes": {
            "id": "n7906m8qmx",
            "parent_id": "nvnykmejm7",
            "path": "/shipment/list",
            "path_part": "list",
            "rest_api_id": "9wijwoggkc"
          },
          "sensitive_attributes": [],
          "identity_schema_version": 0,
          "private": "bnVsbA==",
          "dependencies": [
            "aws_api_gateway_resource.main",
            "aws_api_gateway_rest_api.api"
          ]
        }
      ]
    },
    {
      "mode": "managed",
      "type": "aws_api_gateway_rest_api",
      "name": "api",
      "provider": "provider[\"registry.terraform.io/hashicorp/aws\"]",
      "instances": [
        {
          "schema_version": 0,
          "attributes": {
            "api_key_source": "HEADER",
            "arn": "arn:aws:apigateway:us-east-1::/restapis/9wijwoggkc",
            "binary_media_types": [],
            "body": null,
            "created_date": "2025-09-06T06:05:19Z",
            "description": "REST API para capdevcr-shipments",
            "disable_execute_api_endpoint": false,
            "endpoint_configuration": [
              {
                "ip_address_type": "",
                "types": [
                  "EDGE"
                ],
                "vpc_endpoint_ids": []
              }
            ],
            "execution_arn": "arn:aws:execute-api:us-east-1::9wijwoggkc",
            "fail_on_warnings": null,
            "id": "9wijwoggkc",
            "minimum_compression_size": "",
            "name": "capdevcr-shipments-api",
            "parameters": null,
            "policy": "",
            "put_rest_api_mode": null,
            "root_resource_id": "ho3okr3uhj",
            "tags": {},
            "tags_all": {}
          },
          "sensitive_attributes": [],
          "identity_schema_version": 0,
          "private": "bnVsbA=="
        }
      ]
    },
    {
      "mode": "managed",
      "type": "aws_api_gateway_stage",
      "name": "stage",
      "provider": "provider[\"registry.terraform.io/hashicorp/aws\"]",
      "instances": [
        {
          "schema_version": 0,
          "attributes": {
            "access_log_settings": [],
            "arn": "arn:aws:apigateway:us-east-1::/restapis/9wijwoggkc/stages/dev",
            "cache_cluster_enabled": false,
            "cache_cluster_size": "",
            "canary_settings": [],
            "client_certificate_id": "",
            "deployment_id": "gsyni2w212",
            "description": "",
            "documentation_version": "",
            "execution_arn": "arn:aws:execute-api:us-east-1::9wijwoggkc/dev",
            "id": "ags-9wijwoggkc-dev",
            "invoke_url": "https://9wijwoggkc.execute-api.us-east-1.amazonaws.com/dev",
            "rest_api_id": "9wijwoggkc",
            "stage_name": "dev",
            "tags": null,
            "tags_all": {},
            "variables": null,
            "web_acl_arn": "",
            "xray_tracing_enabled": false
          },
          "sensitive_attributes": [],
          "identity_schema_version": 0,
          "private": "bnVsbA==",
          "dependencies": [
            "aws_api_gateway_deployment.deployment",
            "aws_api_gateway_integration.options",
            "aws_api_gateway_integration.post",
            "aws_api_gateway_method.post",
            "aws_api_gateway_resource.main",
            "aws_api_gateway_resource.shipment_id",
            "aws_api_gateway_resource.shipment_list",
            "aws_api_gateway_rest_api.api",
            "aws_iam_role.lambda_exec",
            "aws_lambda_function.fn"
          ]
        }
      ]
    },
    {
      "mode": "managed",
      "type": "aws_iam_role",
      "name": "lambda_exec",
      "provider": "provider[\"registry.terraform.io/hashicorp/aws\"]",
      "instances": [
        {
          "schema_version": 0,
          "attributes": {
            "arn": "arn:aws:iam::000000000000:role/capdevcr-shipments-lambda-exec",
            "assume_role_policy": "{\"Statement\":[{\"Action\":\"sts:AssumeRole\",\"Effect\":\"Allow\",\"Principal\":{\"Service\":\"lambda.amazonaws.com\"}}],\"Version\":\"2012-10-17\"}",
            "create_date": "2025-09-06T06:13:22Z",
            "description": "",
            "force_detach_policies": false,
            "id": "capdevcr-shipments-lambda-exec",
            "inline_policy": [
              {
                "name": "capdevcr-shipments-lambda-logs",
                "policy": "{\"Version\":\"2012-10-17\",\"Statement\":[{\"Action\":[\"logs:CreateLogGroup\",\"logs:CreateLogStream\",\"logs:PutLogEvents\"],\"Effect\":\"Allow\",\"Resource\":\"*\"}]}"
              }
            ],
            "managed_policy_arns": [],
            "max_session_duration": 3600,
            "name": "capdevcr-shipments-lambda-exec",
            "name_prefix": "",
            "path": "/",
            "permissions_boundary": "",
            "tags": {},
            "tags_all": {},
            "unique_id": "AROAQAAAAAAACB2PTLKWF"
          },
          "sensitive_attributes": [],
          "identity_schema_version": 0,
          "private": "bnVsbA=="
        }
      ]
    },
    {
      "mode": "managed",
      "type": "aws_iam_role_policy",
      "name": "lambda_logs",
      "provider": "provider[\"registry.terraform.io/hashicorp/aws\"]",
      "instances": [
        {
          "schema_version": 0,
          "attributes": {
            "id": "capdevcr-shipments-lambda-exec:capdevcr-shipments-lambda-logs",
            "name": "capdevcr-shipments-lambda-logs",
            "name_prefix": "",
            "policy": "{\"Version\":\"2012-10-17\",\"Statement\":[{\"Action\":[\"logs:CreateLogGroup\",\"logs:CreateLogStream\",\"logs:PutLogEvents\"],\"Effect\":\"Allow\",\"Resource\":\"*\"}]}",
            "role": "capdevcr-shipments-lambda-exec"
          },
          "sensitive_attributes": [],
          "identity_schema_version": 0,
          "private": "bnVsbA==",
          "dependencies": [
            "aws_iam_role.lambda_exec"
          ]
        }
      ]
    },
    {
      "mode": "managed",
      "type": "aws_lambda_function",
      "name": "fn",
      "provider": "provider[\"registry.terraform.io/hashicorp/aws\"]",
      "instances": [
        {
          "index_key": "create_shipment",
          "schema_version": 0,
          "attributes": {
            "architectures": [
              "x86_64"
            ],
            "arn": "arn:aws:lambda:us-east-1:000000000000:function:capdevcr-shipments-create_shipment",
            "code_sha256": "rZ375sWtSYi6aEA0wGgTOx/u5KIXpjgdaQBJq+dUyQc=",
            "code_signing_config_arn": "",
            "dead_letter_config": [],
            "description": "",
            "environment": [
              {
                "variables": {
                  "POSTGRES_DB": "shipments",
                  "POSTGRES_HOST": "flask_db",
                  "POSTGRES_PASSWORD": "postgres",
                  "POSTGRES_PORT": "5432",
                  "POSTGRES_USER": "postgres",
                  "SECRET_KEY": "dev-secret",
                  "TOKEN_TTL_SECONDS": "900"
                }
              }
            ],
            "ephemeral_storage": [
              {
                "size": 512
              }
            ],
            "file_system_config": [],
            "filename": "../build/create_shipment.zip",
            "function_name": "capdevcr-shipments-create_shipment",
            "handler": "app.functions.create_shipment.src.app.handler",
            "id": "capdevcr-shipments-create_shipment",
            "image_config": [],
            "image_uri": "",
            "invoke_arn": "arn:aws:apigateway:us-east-1:lambda:path/2015-03-31/functions/arn:aws:lambda:us-east-1:000000000000:function:capdevcr-shipments-create_shipment/invocations",
            "kms_key_arn": "",
            "last_modified": "2025-09-06T06:16:24.634175+0000",
            "layers": null,
            "logging_config": [
              {
                "application_log_level": "",
                "log_format": "Text",
                "log_group": "/aws/lambda/capdevcr-shipments-create_shipment",
                "system_log_level": ""
              }
            ],
            "memory_size": 128,
            "package_type": "Zip",
            "publish": false,
            "qualified_arn": "arn:aws:lambda:us-east-1:000000000000:function:capdevcr-shipments-create_shipment:$LATEST",
            "qualified_invoke_arn": "arn:aws:apigateway:us-east-1:lambda:path/2015-03-31/functions/arn:aws:lambda:us-east-1:000000000000:function:capdevcr-shipments-create_shipment:$LATEST/invocations",
            "replace_security_groups_on_destroy": null,
            "replacement_security_group_ids": null,
            "reserved_concurrent_executions": -1,
            "role": "arn:aws:iam::000000000000:role/capdevcr-shipments-lambda-exec",
            "runtime": "python3.11",
            "s3_bucket": null,
            "s3_key": null,
            "s3_object_version": null,
            "signing_job_arn": "",
            "signing_profile_version_arn": "",
            "skip_destroy": false,
            "snap_start": [],
            "source_code_hash": "rZ375sWtSYi6aEA0wGgTOx/u5KIXpjgdaQBJq+dUyQc=",
            "source_code_size": 1775841,
            "tags": null,
            "tags_all": {},
            "timeout": 30,
            "timeouts": null,
            "tracing_config": [
              {
                "mode": "PassThrough"
              }
            ],
            "version": "$LATEST",
            "vpc_config": []
          },
          "sensitive_attributes": [],
          "identity_schema_version": 0,
          "private": "eyJlMmJmYjczMC1lY2FhLTExZTYtOGY4OC0zNDM2M2JjN2M0YzAiOnsiY3JlYXRlIjo2MDAwMDAwMDAwMDAsImRlbGV0ZSI6NjAwMDAwMDAwMDAwLCJ1cGRhdGUiOjYwMDAwMDAwMDAwMH19",
          "dependencies": [
            "aws_iam_role.lambda_exec"
          ]
        },
        {
          "index_key": "list_shipments",
          "schema_version": 0,
          "attributes": {
            "architectures": [
              "x86_64"
            ],
            "arn": "arn:aws:lambda:us-east-1:000000000000:function:capdevcr-shipments-list_shipments",
            "code_sha256": "rZ375sWtSYi6aEA0wGgTOx/u5KIXpjgdaQBJq+dUyQc=",
            "code_signing_config_arn": "",
            "dead_letter_config": [],
            "description": "",
            "environment": [
              {
                "variables": {
                  "POSTGRES_DB": "shipments",
                  "POSTGRES_HOST": "flask_db",
                  "POSTGRES_PASSWORD": "postgres",
                  "POSTGRES_PORT": "5432",
                  "POSTGRES_USER": "postgres",
                  "SECRET_KEY": "dev-secret",
                  "TOKEN_TTL_SECONDS": "900"
                }
              }
            ],
            "ephemeral_storage": [
              {
                "size": 512
              }
            ],
            "file_system_config": [],
            "filename": "../build/list_shipments.zip",
            "function_name": "capdevcr-shipments-list_shipments",
            "handler": "app.functions.list_shipments.src.app.handler",
            "id": "capdevcr-shipments-list_shipments",
            "image_config": [],
            "image_uri": "",
            "invoke_arn": "arn:aws:apigateway:us-east-1:lambda:path/2015-03-31/functions/arn:aws:lambda:us-east-1:000000000000:function:capdevcr-shipments-list_shipments/invocations",
            "kms_key_arn": "",
            "last_modified": "2025-09-06T06:16:29.928937+0000",
            "layers": null,
            "logging_config": [
              {
                "application_log_level": "",
                "log_format": "Text",
                "log_group": "/aws/lambda/capdevcr-shipments-list_shipments",
                "system_log_level": ""
              }
            ],
            "memory_size": 128,
            "package_type": "Zip",
            "publish": false,
            "qualified_arn": "arn:aws:lambda:us-east-1:000000000000:function:capdevcr-shipments-list_shipments:$LATEST",
            "qualified_invoke_arn": "arn:aws:apigateway:us-east-1:lambda:path/2015-03-31/functions/arn:aws:lambda:us-east-1:000000000000:function:capdevcr-shipments-list_shipments:$LATEST/invocations",
            "replace_security_groups_on_destroy": null,
            "replacement_security_group_ids": null,
            "reserved_concurrent_executions": -1,
            "role": "arn:aws:iam::000000000000:role/capdevcr-shipments-lambda-exec",
            "runtime": "python3.11",
            "s3_bucket": null,
            "s3_key": null,
            "s3_object_version": null,
            "signing_job_arn": "",
            "signing_profile_version_arn": "",
            "skip_destroy": false,
            "snap_start": [],
            "source_code_hash": "rZ375sWtSYi6aEA0wGgTOx/u5KIXpjgdaQBJq+dUyQc=",
            "source_code_size": 1775841,
            "tags": null,
            "tags_all": {},
            "timeout": 30,
            "timeouts": null,
            "tracing_config": [
              {
                "mode": "PassThrough"
              }
            ],
            "version": "$LATEST",
            "vpc_config": []
          },
          "sensitive_attributes": [],
          "identity_schema_version": 0,
          "private": "eyJlMmJmYjczMC1lY2FhLTExZTYtOGY4OC0zNDM2M2JjN2M0YzAiOnsiY3JlYXRlIjo2MDAwMDAwMDAwMDAsImRlbGV0ZSI6NjAwMDAwMDAwMDAwLCJ1cGRhdGUiOjYwMDAwMDAwMDAwMH19",
          "dependencies": [
            "aws_iam_role.lambda_exec"
          ]
        },
        {
          "index_key": "login",
          "schema_version": 0,
          "attributes": {
            "architectures": [
              "x86_64"
            ],
            "arn": "arn:aws:lambda:us-east-1:000000000000:function:capdevcr-shipments-login",
            "code_sha256": "rZ375sWtSYi6aEA0wGgTOx/u5KIXpjgdaQBJq+dUyQc=",
            "code_signing_config_arn": "",
            "dead_letter_config": [],
            "description": "",
            "environment": [
              {
                "variables": {
                  "POSTGRES_DB": "shipments",
                  "POSTGRES_HOST": "flask_db",
                  "POSTGRES_PASSWORD": "postgres",
                  "POSTGRES_PORT": "5432",
                  "POSTGRES_USER": "postgres",
                  "SECRET_KEY": "dev-secret",
                  "TOKEN_TTL_SECONDS": "900"
                }
              }
            ],
            "ephemeral_storage": [
              {
                "size": 512
              }
            ],
            "file_system_config": [],
            "filename": "../build/login.zip",
            "function_name": "capdevcr-shipments-login",
            "handler": "app.functions.login.src.app.handler",
            "id": "capdevcr-shipments-login",
            "image_config": [],
            "image_uri": "",
            "invoke_arn": "arn:aws:apigateway:us-east-1:lambda:path/2015-03-31/functions/arn:aws:lambda:us-east-1:000000000000:function:capdevcr-shipments-login/invocations",
            "kms_key_arn": "",
            "last_modified": "2025-09-06T06:16:19.294541+0000",
            "layers": null,
            "logging_config": [
              {
                "application_log_level": "",
                "log_format": "Text",
                "log_group": "/aws/lambda/capdevcr-shipments-login",
                "system_log_level": ""
              }
            ],
            "memory_size": 128,
            "package_type": "Zip",
            "publish": false,
            "qualified_arn": "arn:aws:lambda:us-east-1:000000000000:function:capdevcr-shipments-login:$LATEST",
            "qualified_invoke_arn": "arn:aws:apigateway:us-east-1:lambda:path/2015-03-31/functions/arn:aws:lambda:us-east-1:000000000000:function:capdevcr-shipments-login:$LATEST/invocations",
            "replace_security_groups_on_destroy": null,
            "replacement_security_group_ids": null,
            "reserved_concurrent_executions": -1,
            "role": "arn:aws:iam::000000000000:role/capdevcr-shipments-lambda-exec",
            "runtime": "python3.11",
            "s3_bucket": null,
            "s3_key": null,
            "s3_object_version": null,
            "signing_job_arn": "",
            "signing_profile_version_arn": "",
            "skip_destroy": false,
            "snap_start": [],
            "source_code_hash": "rZ375sWtSYi6aEA0wGgTOx/u5KIXpjgdaQBJq+dUyQc=",
            "source_code_size": 1775841,
            "tags": null,
            "tags_all": {},
            "timeout": 30,
            "timeouts": null,
            "tracing_config": [
              {
                "mode": "PassThrough"
              }
            ],
            "version": "$LATEST",
            "vpc_config": []
          },
          "sensitive_attributes": [],
          "identity_schema_version": 0,
          "private": "eyJlMmJmYjczMC1lY2FhLTExZTYtOGY4OC0zNDM2M2JjN2M0YzAiOnsiY3JlYXRlIjo2MDAwMDAwMDAwMDAsImRlbGV0ZSI6NjAwMDAwMDAwMDAwLCJ1cGRhdGUiOjYwMDAwMDAwMDAwMH19",
          "dependencies": [
            "aws_iam_role.lambda_exec"
          ]
        },
        {
          "index_key": "update_shipment",
          "schema_version": 0,
          "attributes": {
            "architectures": [
              "x86_64"
            ],
            "arn": "arn:aws:lambda:us-east-1:000000000000:function:capdevcr-shipments-update_shipment",
            "code_sha256": "rZ375sWtSYi6aEA0wGgTOx/u5KIXpjgdaQBJq+dUyQc=",
            "code_signing_config_arn": "",
            "dead_letter_config": [],
            "description": "",
            "environment": [
              {
                "variables": {
                  "POSTGRES_DB": "shipments",
                  "POSTGRES_HOST": "flask_db",
                  "POSTGRES_PASSWORD": "postgres",
                  "POSTGRES_PORT": "5432",
                  "POSTGRES_USER": "postgres",
                  "SECRET_KEY": "dev-secret",
                  "TOKEN_TTL_SECONDS": "900"
                }
              }
            ],
            "ephemeral_storage": [
              {
                "size": 512
              }
            ],
            "file_system_config": [],
            "filename": "../build/update_shipment.zip",
            "function_name": "capdevcr-shipments-update_shipment",
            "handler": "app.functions.update_shipment.src.app.handler",
            "id": "capdevcr-shipments-update_shipment",
            "image_config": [],
            "image_uri": "",
            "invoke_arn": "arn:aws:apigateway:us-east-1:lambda:path/2015-03-31/functions/arn:aws:lambda:us-east-1:000000000000:function:capdevcr-shipments-update_shipment/invocations",
            "kms_key_arn": "",
            "last_modified": "2025-09-06T06:16:13.929246+0000",
            "layers": null,
            "logging_config": [
              {
                "application_log_level": "",
                "log_format": "Text",
                "log_group": "/aws/lambda/capdevcr-shipments-update_shipment",
                "system_log_level": ""
              }
            ],
            "memory_size": 128,
            "package_type": "Zip",
            "publish": false,
            "qualified_arn": "arn:aws:lambda:us-east-1:000000000000:function:capdevcr-shipments-update_shipment:$LATEST",
            "qualified_invoke_arn": "arn:aws:apigateway:us-east-1:lambda:path/2015-03-31/functions/arn:aws:lambda:us-east-1:000000000000:function:capdevcr-shipments-update_shipment:$LATEST/invocations",
            "replace_security_groups_on_destroy": null,
            "replacement_security_group_ids": null,
            "reserved_concurrent_executions": -1,
            "role": "arn:aws:iam::000000000000:role/capdevcr-shipments-lambda-exec",
            "runtime": "python3.11",
            "s3_bucket": null,
            "s3_key": null,
            "s3_object_version": null,
            "signing_job_arn": "",
            "signing_profile_version_arn": "",
            "skip_destroy": false,
            "snap_start": [],
            "source_code_hash": "rZ375sWtSYi6aEA0wGgTOx/u5KIXpjgdaQBJq+dUyQc=",
            "source_code_size": 1775841,
            "tags": null,
            "tags_all": {},
            "timeout": 30,
            "timeouts": null,
            "tracing_config": [
              {
                "mode": "PassThrough"
              }
            ],
            "version": "$LATEST",
            "vpc_config": []
          },
          "sensitive_attributes": [],
          "identity_schema_version": 0,
          "private": "eyJlMmJmYjczMC1lY2FhLTExZTYtOGY4OC0zNDM2M2JjN2M0YzAiOnsiY3JlYXRlIjo2MDAwMDAwMDAwMDAsImRlbGV0ZSI6NjAwMDAwMDAwMDAwLCJ1cGRhdGUiOjYwMDAwMDAwMDAwMH19",
          "dependencies": [
            "aws_iam_role.lambda_exec"
          ]
        }
      ]
    }
  ],
  "check_results": null
}
